Microsoft Visual Studio Solution File, Format Version 12.00
# Visual Studio Version 17
VisualStudioVersion = 17.5.2.0
MinimumVisualStudioVersion = 10.0.40219.1
Project("{FAE04EC0-301F-11D3-BF4B-00C04F79EFBC}") = "gfcf14-art", "gfcf14-art.csproj", "{52D43823-36BE-EF16-B07F-FA3E9A032CA5}"
EndProject
Global
	GlobalSection(SolutionConfigurationPlatforms) = preSolution
		Debug|Any CPU = Debug|Any CPU
		Release|Any CPU = Release|Any CPU
	EndGlobalSection
	GlobalSection(ProjectConfigurationPlatforms) = postSolution
		{52D43823-36BE-EF16-B07F-FA3E9A032CA5}.Debug|Any CPU.ActiveCfg = Debug|Any CPU
		{52D43823-36BE-EF16-B07F-FA3E9A032CA5}.Debug|Any CPU.Build.0 = Debug|Any CPU
		{52D43823-36BE-EF16-B07F-FA3E9A032CA5}.Release|Any CPU.ActiveCfg = Release|Any CPU
		{52D43823-36BE-EF16-B07F-FA3E9A032CA5}.Release|Any CPU.Build.0 = Release|Any CPU
	EndGlobalSection
	GlobalSection(SolutionProperties) = preSolution
		HideSolutionNode = FALSE
	EndGlobalSection
	GlobalSection(ExtensibilityGlobals) = postSolution
		SolutionGuid = {B4655617-FF57-4807-9074-F7199C3D4804}
	EndGlobalSection
EndGlobal
